// !$*UTF8*$!
{
	archiveVersion = 1;
	classes = {
	};
	objectVersion = 47;
	objects = {

/* Begin PBXBuildFile section */
		E813E463194BC1CE0000A7BF /* AppDelegate.swift in Sources */ = {isa = PBXBuildFile; fileRef = E813E462194BC1CE0000A7BF /* AppDelegate.swift */; };
		E813E465194BC1CE0000A7BF /* Images.xcassets in Resources */ = {isa = PBXBuildFile; fileRef = E813E464194BC1CE0000A7BF /* Images.xcassets */; };
		E813E47B194BC2FE0000A7BF /* ViewController.swift in Sources */ = {isa = PBXBuildFile; fileRef = E813E47A194BC2FE0000A7BF /* ViewController.swift */; };
		E813E47D194BC38A0000A7BF /* Cell.swift in Sources */ = {isa = PBXBuildFile; fileRef = E813E47C194BC38A0000A7BF /* Cell.swift */; };
		E8836E52194CBE4F00288020 /* PDFImages.swift in Sources */ = {isa = PBXBuildFile; fileRef = E8836E51194CBE4F00288020 /* PDFImages.swift */; };
		E8CE4647194E142C00203C3E /* FileType.swift in Sources */ = {isa = PBXBuildFile; fileRef = E8CE4646194E142C00203C3E /* FileType.swift */; };
		E8CE4649194E1FF800203C3E /* Presentation.swift in Sources */ = {isa = PBXBuildFile; fileRef = E8CE4648194E1FF800203C3E /* Presentation.swift */; };
		E8CE464B194E2F7300203C3E /* Slide.swift in Sources */ = {isa = PBXBuildFile; fileRef = E8CE464A194E2F7300203C3E /* Slide.swift */; };
		E8EB0583194C2E670048889A /* MultipeerClient.swift in Sources */ = {isa = PBXBuildFile; fileRef = E8EB0582194C2E670048889A /* MultipeerClient.swift */; };
		E8EB0585194CA65D0048889A /* CollectionViewLayout.swift in Sources */ = {isa = PBXBuildFile; fileRef = E8EB0584194CA65D0048889A /* CollectionViewLayout.swift */; };
/* End PBXBuildFile section */

/* Begin PBXFileReference section */
		E813E45D194BC1CE0000A7BF /* DeckRocket.app */ = {isa = PBXFileReference; explicitFileType = wrapper.application; includeInIndex = 0; path = DeckRocket.app; sourceTree = BUILT_PRODUCTS_DIR; };
		E813E461194BC1CE0000A7BF /* Info.plist */ = {isa = PBXFileReference; lastKnownFileType = text.plist.xml; path = Info.plist; sourceTree = "<group>"; };
		E813E462194BC1CE0000A7BF /* AppDelegate.swift */ = {isa = PBXFileReference; lastKnownFileType = sourcecode.swift; path = AppDelegate.swift; sourceTree = "<group>"; };
		E813E464194BC1CE0000A7BF /* Images.xcassets */ = {isa = PBXFileReference; lastKnownFileType = folder.assetcatalog; path = Images.xcassets; sourceTree = "<group>"; };
		E813E47A194BC2FE0000A7BF /* ViewController.swift */ = {isa = PBXFileReference; fileEncoding = 4; lastKnownFileType = sourcecode.swift; path = ViewController.swift; sourceTree = "<group>"; };
		E813E47C194BC38A0000A7BF /* Cell.swift */ = {isa = PBXFileReference; fileEncoding = 4; lastKnownFileType = sourcecode.swift; path = Cell.swift; sourceTree = "<group>"; };
		E8836E51194CBE4F00288020 /* PDFImages.swift */ = {isa = PBXFileReference; fileEncoding = 4; lastKnownFileType = sourcecode.swift; path = PDFImages.swift; sourceTree = "<group>"; };
		E8CE4646194E142C00203C3E /* FileType.swift */ = {isa = PBXFileReference; fileEncoding = 4; lastKnownFileType = sourcecode.swift; path = FileType.swift; sourceTree = "<group>"; };
		E8CE4648194E1FF800203C3E /* Presentation.swift */ = {isa = PBXFileReference; fileEncoding = 4; lastKnownFileType = sourcecode.swift; path = Presentation.swift; sourceTree = "<group>"; };
		E8CE464A194E2F7300203C3E /* Slide.swift */ = {isa = PBXFileReference; fileEncoding = 4; lastKnownFileType = sourcecode.swift; path = Slide.swift; sourceTree = "<group>"; };
		E8EB0582194C2E670048889A /* MultipeerClient.swift */ = {isa = PBXFileReference; fileEncoding = 4; lastKnownFileType = sourcecode.swift; path = MultipeerClient.swift; sourceTree = "<group>"; };
		E8EB0584194CA65D0048889A /* CollectionViewLayout.swift */ = {isa = PBXFileReference; fileEncoding = 4; lastKnownFileType = sourcecode.swift; path = CollectionViewLayout.swift; sourceTree = "<group>"; };
/* End PBXFileReference section */

/* Begin PBXFrameworksBuildPhase section */
		E813E45A194BC1CE0000A7BF /* Frameworks */ = {
			isa = PBXFrameworksBuildPhase;
			buildActionMask = 2147483647;
			files = (
			);
			runOnlyForDeploymentPostprocessing = 0;
		};
/* End PBXFrameworksBuildPhase section */

/* Begin PBXGroup section */
		E813E454194BC1CE0000A7BF = {
			isa = PBXGroup;
			children = (
				E813E45F194BC1CE0000A7BF /* DeckRocket */,
				E813E45E194BC1CE0000A7BF /* Products */,
			);
			sourceTree = "<group>";
		};
		E813E45E194BC1CE0000A7BF /* Products */ = {
			isa = PBXGroup;
			children = (
				E813E45D194BC1CE0000A7BF /* DeckRocket.app */,
			);
			name = Products;
			sourceTree = "<group>";
		};
		E813E45F194BC1CE0000A7BF /* DeckRocket */ = {
			isa = PBXGroup;
			children = (
				E8CE464F194E4CDB00203C3E /* Controllers */,
				E8CE4650194E4CE900203C3E /* Delegates */,
				E8CE464C194E4CAD00203C3E /* Model */,
				E8CE464E194E4CC000203C3E /* View Controllers */,
				E8CE464D194E4CB900203C3E /* Views */,
				E813E464194BC1CE0000A7BF /* Images.xcassets */,
				E813E460194BC1CE0000A7BF /* Supporting Files */,
			);
			path = DeckRocket;
			sourceTree = "<group>";
		};
		E813E460194BC1CE0000A7BF /* Supporting Files */ = {
			isa = PBXGroup;
			children = (
				E813E461194BC1CE0000A7BF /* Info.plist */,
			);
			name = "Supporting Files";
			sourceTree = "<group>";
		};
		E8CE464C194E4CAD00203C3E /* Model */ = {
			isa = PBXGroup;
			children = (
				E8CE4646194E142C00203C3E /* FileType.swift */,
				E8CE4648194E1FF800203C3E /* Presentation.swift */,
				E8CE464A194E2F7300203C3E /* Slide.swift */,
			);
			name = Model;
			sourceTree = "<group>";
		};
		E8CE464D194E4CB900203C3E /* Views */ = {
			isa = PBXGroup;
			children = (
				E813E47C194BC38A0000A7BF /* Cell.swift */,
				E8EB0584194CA65D0048889A /* CollectionViewLayout.swift */,
			);
			name = Views;
			sourceTree = "<group>";
		};
		E8CE464E194E4CC000203C3E /* View Controllers */ = {
			isa = PBXGroup;
			children = (
				E813E47A194BC2FE0000A7BF /* ViewController.swift */,
			);
			name = "View Controllers";
			sourceTree = "<group>";
		};
		E8CE464F194E4CDB00203C3E /* Controllers */ = {
			isa = PBXGroup;
			children = (
				E8EB0582194C2E670048889A /* MultipeerClient.swift */,
				E8836E51194CBE4F00288020 /* PDFImages.swift */,
			);
			name = Controllers;
			sourceTree = "<group>";
		};
		E8CE4650194E4CE900203C3E /* Delegates */ = {
			isa = PBXGroup;
			children = (
				E813E462194BC1CE0000A7BF /* AppDelegate.swift */,
			);
			name = Delegates;
			sourceTree = "<group>";
		};
/* End PBXGroup section */

/* Begin PBXNativeTarget section */
		E813E45C194BC1CE0000A7BF /* DeckRocket */ = {
			isa = PBXNativeTarget;
			buildConfigurationList = E813E474194BC1CE0000A7BF /* Build configuration list for PBXNativeTarget "DeckRocket" */;
			buildPhases = (
				E813E459194BC1CE0000A7BF /* Sources */,
				E813E45A194BC1CE0000A7BF /* Frameworks */,
				E813E45B194BC1CE0000A7BF /* Resources */,
			);
			buildRules = (
			);
			dependencies = (
			);
			name = DeckRocket;
			productName = DeckRocket;
			productReference = E813E45D194BC1CE0000A7BF /* DeckRocket.app */;
			productType = "com.apple.product-type.application";
		};
/* End PBXNativeTarget section */

/* Begin PBXProject section */
		E813E455194BC1CE0000A7BF /* Project object */ = {
			isa = PBXProject;
			attributes = {
				LastUpgradeCheck = 0600;
				ORGANIZATIONNAME = "JP Simard";
				TargetAttributes = {
					E813E45C194BC1CE0000A7BF = {
						CreatedOnToolsVersion = 6.0;
					};
				};
			};
			buildConfigurationList = E813E458194BC1CE0000A7BF /* Build configuration list for PBXProject "DeckRocket" */;
			compatibilityVersion = "Xcode 6.3";
			developmentRegion = English;
			hasScannedForEncodings = 0;
			knownRegions = (
				en,
			);
			mainGroup = E813E454194BC1CE0000A7BF;
			productRefGroup = E813E45E194BC1CE0000A7BF /* Products */;
			projectDirPath = "";
			projectRoot = "";
			targets = (
				E813E45C194BC1CE0000A7BF /* DeckRocket */,
			);
		};
/* End PBXProject section */

/* Begin PBXResourcesBuildPhase section */
		E813E45B194BC1CE0000A7BF /* Resources */ = {
			isa = PBXResourcesBuildPhase;
			buildActionMask = 2147483647;
			files = (
				E813E465194BC1CE0000A7BF /* Images.xcassets in Resources */,
			);
			runOnlyForDeploymentPostprocessing = 0;
		};
/* End PBXResourcesBuildPhase section */

/* Begin PBXSourcesBuildPhase section */
		E813E459194BC1CE0000A7BF /* Sources */ = {
			isa = PBXSourcesBuildPhase;
			buildActionMask = 2147483647;
			files = (
				E813E47B194BC2FE0000A7BF /* ViewController.swift in Sources */,
				E8EB0583194C2E670048889A /* MultipeerClient.swift in Sources */,
				E8EB0585194CA65D0048889A /* CollectionViewLayout.swift in Sources */,
				E813E463194BC1CE0000A7BF /* AppDelegate.swift in Sources */,
				E8CE4649194E1FF800203C3E /* Presentation.swift in Sources */,
				E8CE4647194E142C00203C3E /* FileType.swift in Sources */,
				E8836E52194CBE4F00288020 /* PDFImages.swift in Sources */,
				E8CE464B194E2F7300203C3E /* Slide.swift in Sources */,
				E813E47D194BC38A0000A7BF /* Cell.swift in Sources */,
			);
			runOnlyForDeploymentPostprocessing = 0;
		};
/* End PBXSourcesBuildPhase section */

/* Begin XCBuildConfiguration section */
		E813E472194BC1CE0000A7BF /* Debug */ = {
			isa = XCBuildConfiguration;
			buildSettings = {
				ALWAYS_SEARCH_USER_PATHS = NO;
				CLANG_CXX_LANGUAGE_STANDARD = "gnu++0x";
				CLANG_CXX_LIBRARY = "libc++";
				CLANG_ENABLE_MODULES = YES;
				CLANG_ENABLE_OBJC_ARC = YES;
				CLANG_WARN_BOOL_CONVERSION = YES;
				CLANG_WARN_CONSTANT_CONVERSION = YES;
				CLANG_WARN_DIRECT_OBJC_ISA_USAGE = YES_ERROR;
				CLANG_WARN_EMPTY_BODY = YES;
				CLANG_WARN_ENUM_CONVERSION = YES;
				CLANG_WARN_INT_CONVERSION = YES;
				CLANG_WARN_OBJC_ROOT_CLASS = YES_ERROR;
				CLANG_WARN_UNREACHABLE_CODE = YES;
				CLANG_WARN__DUPLICATE_METHOD_MATCH = YES;
				CODE_SIGN_IDENTITY = "";
				"CODE_SIGN_IDENTITY[sdk=iphoneos*]" = "iPhone Developer";
				COPY_PHASE_STRIP = NO;
				ENABLE_STRICT_OBJC_MSGSEND = YES;
				GCC_C_LANGUAGE_STANDARD = gnu99;
				GCC_DYNAMIC_NO_PIC = NO;
				GCC_OPTIMIZATION_LEVEL = 0;
				GCC_PREPROCESSOR_DEFINITIONS = (
					"DEBUG=1",
					"$(inherited)",
				);
				GCC_SYMBOLS_PRIVATE_EXTERN = NO;
				GCC_WARN_64_TO_32_BIT_CONVERSION = YES;
				GCC_WARN_ABOUT_RETURN_TYPE = YES_ERROR;
				GCC_WARN_UNDECLARED_SELECTOR = YES;
				GCC_WARN_UNINITIALIZED_AUTOS = YES_AGGRESSIVE;
				GCC_WARN_UNUSED_FUNCTION = YES;
				GCC_WARN_UNUSED_VARIABLE = YES;
				IPHONEOS_DEPLOYMENT_TARGET = 8.3;
				METAL_ENABLE_DEBUG_INFO = YES;
				ONLY_ACTIVE_ARCH = YES;
				SDKROOT = iphoneos;
				SWIFT_OPTIMIZATION_LEVEL = "-Onone";
				TARGETED_DEVICE_FAMILY = "1,2";
			};
			name = Debug;
		};
		E813E473194BC1CE0000A7BF /* Release */ = {
			isa = XCBuildConfiguration;
			buildSettings = {
				ALWAYS_SEARCH_USER_PATHS = NO;
				CLANG_CXX_LANGUAGE_STANDARD = "gnu++0x";
				CLANG_CXX_LIBRARY = "libc++";
				CLANG_ENABLE_MODULES = YES;
				CLANG_ENABLE_OBJC_ARC = YES;
				CLANG_WARN_BOOL_CONVERSION = YES;
				CLANG_WARN_CONSTANT_CONVERSION = YES;
				CLANG_WARN_DIRECT_OBJC_ISA_USAGE = YES_ERROR;
				CLANG_WARN_EMPTY_BODY = YES;
				CLANG_WARN_ENUM_CONVERSION = YES;
				CLANG_WARN_INT_CONVERSION = YES;
				CLANG_WARN_OBJC_ROOT_CLASS = YES_ERROR;
				CLANG_WARN_UNREACHABLE_CODE = YES;
				CLANG_WARN__DUPLICATE_METHOD_MATCH = YES;
				CODE_SIGN_IDENTITY = "";
				"CODE_SIGN_IDENTITY[sdk=iphoneos*]" = "iPhone Developer";
				COPY_PHASE_STRIP = YES;
				ENABLE_NS_ASSERTIONS = NO;
				ENABLE_STRICT_OBJC_MSGSEND = YES;
				GCC_C_LANGUAGE_STANDARD = gnu99;
				GCC_WARN_64_TO_32_BIT_CONVERSION = YES;
				GCC_WARN_ABOUT_RETURN_TYPE = YES_ERROR;
				GCC_WARN_UNDECLARED_SELECTOR = YES;
				GCC_WARN_UNINITIALIZED_AUTOS = YES_AGGRESSIVE;
				GCC_WARN_UNUSED_FUNCTION = YES;
				GCC_WARN_UNUSED_VARIABLE = YES;
				IPHONEOS_DEPLOYMENT_TARGET = 8.3;
				METAL_ENABLE_DEBUG_INFO = NO;
				SDKROOT = iphoneos;
				TARGETED_DEVICE_FAMILY = "1,2";
				VALIDATE_PRODUCT = YES;
			};
			name = Release;
		};
		E813E475194BC1CE0000A7BF /* Debug */ = {
			isa = XCBuildConfiguration;
			buildSettings = {
				ASSETCATALOG_COMPILER_APPICON_NAME = AppIcon;
				ASSETCATALOG_COMPILER_LAUNCHIMAGE_NAME = LaunchImage;
				INFOPLIST_FILE = DeckRocket/Info.plist;
				IPHONEOS_DEPLOYMENT_TARGET = 8.3;
				LD_RUNPATH_SEARCH_PATHS = "$(inherited) @executable_path/Frameworks";
				PRODUCT_NAME = "$(TARGET_NAME)";
				SWIFT_OBJC_BRIDGING_HEADER = "";
			};
			name = Debug;
		};
		E813E476194BC1CE0000A7BF /* Release */ = {
			isa = XCBuildConfiguration;
			buildSettings = {
				ASSETCATALOG_COMPILER_APPICON_NAME = AppIcon;
				ASSETCATALOG_COMPILER_LAUNCHIMAGE_NAME = LaunchImage;
				INFOPLIST_FILE = DeckRocket/Info.plist;
				IPHONEOS_DEPLOYMENT_TARGET = 8.3;
				LD_RUNPATH_SEARCH_PATHS = "$(inherited) @executable_path/Frameworks";
				PRODUCT_NAME = "$(TARGET_NAME)";
				SWIFT_OBJC_BRIDGING_HEADER = "";
			};
			name = Release;
		};
/* End XCBuildConfiguration section */

/* Begin XCConfigurationList section */
		E813E458194BC1CE0000A7BF /* Build configuration list for PBXProject "DeckRocket" */ = {
			isa = XCConfigurationList;
			buildConfigurations = (
				E813E472194BC1CE0000A7BF /* Debug */,
				E813E473194BC1CE0000A7BF /* Release */,
			);
			defaultConfigurationIsVisible = 0;
			defaultConfigurationName = Release;
		};
		E813E474194BC1CE0000A7BF /* Build configuration list for PBXNativeTarget "DeckRocket" */ = {
			isa = XCConfigurationList;
			buildConfigurations = (
				E813E475194BC1CE0000A7BF /* Debug */,
				E813E476194BC1CE0000A7BF /* Release */,
			);
			defaultConfigurationIsVisible = 0;
			defaultConfigurationName = Release;
		};
/* End XCConfigurationList section */
	};
	rootObject = E813E455194BC1CE0000A7BF /* Project object */;
}
